{
  "name": "prog-distribuida-relogios-vetoriais",
  "version": "1.0.0",
  "lockfileVersion": 1,
  "requires": true,
  "dependencies": {
    "dns-packet": {
      "version": "5.2.4",
      "resolved": "https://registry.npmjs.org/dns-packet/-/dns-packet-5.2.4.tgz",
      "integrity": "sha512-vgu5Bx5IV8mXmh/9cn1lzn+J7okFlXe1vBRp+kCBJXg1nBED6Z/Q4e+QaDxQRSozMr14p/VQmdXwsf/I2wGjUA==",
      "requires": {
        "ip": "^1.1.5"
      }
    },
    "ip": {
      "version": "1.1.5",
      "resolved": "https://registry.npmjs.org/ip/-/ip-1.1.5.tgz",
      "integrity": "sha1-vd7XARQpCCjAoDnnLvJfWq7ENUo="
    },
    "multicast-dns": {
      "version": "7.2.3",
      "resolved": "https://registry.npmjs.org/multicast-dns/-/multicast-dns-7.2.3.tgz",
      "integrity": "sha512-TzxgGSLRLB7tqAlzjgd2x2ZE0cDsGFq4rs9W4yE5xp+7hlRXeUQGtXZsTGfGw2FwWB45rfe8DtXMYBpZGMLUng==",
      "requires": {
        "dns-packet": "^5.2.2",
        "thunky": "^1.0.2"
      }
    },
    "thunky": {
      "version": "1.1.0",
      "resolved": "https://registry.npmjs.org/thunky/-/thunky-1.1.0.tgz",
      "integrity": "sha512-eHY7nBftgThBqOyHGVN+l8gF0BucP09fMo0oO/Lb0w1OF80dJv+lDVpXG60WMQvkcxAkNybKsrEIE3ZtKGmPrA=="
    },
    "uuid": {
      "version": "8.3.2",
      "resolved": "https://registry.npmjs.org/uuid/-/uuid-8.3.2.tgz",
      "integrity": "sha512-+NYs2QeMWy+GWFOEm9xnn6HCDp0l7QBD7ml8zLUmJ+93Q5NF0NocErnwkTkXVFNiX3/fpC6afS8Dhb/gz7R7eg=="
    }
  }
}
